// !$*UTF8*$!
{
	archiveVersion = 1;
	classes = {
	};
	objectVersion = 46;
	objects = {

/* Begin PBXBuildFile section */
		915B2E6C1E9EB63F00665B73 /* Elm.h in Headers */ = {isa = PBXBuildFile; fileRef = 915B2E6A1E9EB63F00665B73 /* Elm.h */; settings = {ATTRIBUTES = (Public, ); }; };
		915B2E741E9EB64E00665B73 /* Program.swift in Sources */ = {isa = PBXBuildFile; fileRef = 915B2E701E9EB64E00665B73 /* Program.swift */; };
		915B2E751E9EB64E00665B73 /* Store.swift in Sources */ = {isa = PBXBuildFile; fileRef = 915B2E711E9EB64E00665B73 /* Store.swift */; };
		915B2E761E9EB64E00665B73 /* Tests.swift in Sources */ = {isa = PBXBuildFile; fileRef = 915B2E721E9EB64E00665B73 /* Tests.swift */; };
		915B2E771E9EB64E00665B73 /* Utilitities.swift in Sources */ = {isa = PBXBuildFile; fileRef = 915B2E731E9EB64E00665B73 /* Utilitities.swift */; };
		915B2E791E9EB9D100665B73 /* Elm.framework in Frameworks */ = {isa = PBXBuildFile; fileRef = 915B2E681E9EB63F00665B73 /* Elm.framework */; };
		916289EE1E1E93970004D27E /* AudioBarTests.swift in Sources */ = {isa = PBXBuildFile; fileRef = 916289ED1E1E93960004D27E /* AudioBarTests.swift */; };
		91930F3E1E03158F006A0091 /* AudioBar.framework in Frameworks */ = {isa = PBXBuildFile; fileRef = 91930F341E03158F006A0091 /* AudioBar.framework */; };
		91930F451E03158F006A0091 /* AudioBar.h in Headers */ = {isa = PBXBuildFile; fileRef = 91930F371E03158F006A0091 /* AudioBar.h */; settings = {ATTRIBUTES = (Public, ); }; };
		91930F711E0315BC006A0091 /* AudioBar.storyboard in Resources */ = {isa = PBXBuildFile; fileRef = 91930F6E1E0315BC006A0091 /* AudioBar.storyboard */; };
		91930F721E0315BC006A0091 /* AudioBarViewController.swift in Sources */ = {isa = PBXBuildFile; fileRef = 91930F6F1E0315BC006A0091 /* AudioBarViewController.swift */; };
		91930F731E0315BC006A0091 /* AudioBar.swift in Sources */ = {isa = PBXBuildFile; fileRef = 91930F701E0315BC006A0091 /* AudioBar.swift */; };
		91C1561D1E6F2C6800FA2740 /* CMTime+TimeInterval.swift in Sources */ = {isa = PBXBuildFile; fileRef = 91C1561C1E6F2C6800FA2740 /* CMTime+TimeInterval.swift */; };
		91C186461E031A4D006ECAD8 /* Assets.xcassets in Resources */ = {isa = PBXBuildFile; fileRef = 91C186451E031A4D006ECAD8 /* Assets.xcassets */; };
		B69430781E819FF800A6E830 /* AudioTags.swift in Sources */ = {isa = PBXBuildFile; fileRef = B69430771E819FF800A6E830 /* AudioTags.swift */; };
		B6A33BF11EA10BB80045D2C2 /* Elm.framework in Frameworks */ = {isa = PBXBuildFile; fileRef = 915B2E681E9EB63F00665B73 /* Elm.framework */; };
		B6A33BF61EA698080045D2C2 /* AudioBarDelegate.swift in Sources */ = {isa = PBXBuildFile; fileRef = B6A33BF51EA698080045D2C2 /* AudioBarDelegate.swift */; };
/* End PBXBuildFile section */

/* Begin PBXContainerItemProxy section */
		91930F3F1E03158F006A0091 /* PBXContainerItemProxy */ = {
			isa = PBXContainerItemProxy;
			containerPortal = 91930F2B1E03158F006A0091 /* Project object */;
			proxyType = 1;
			remoteGlobalIDString = 91930F331E03158F006A0091;
			remoteInfo = AudioBar;
		};
/* End PBXContainerItemProxy section */

/* Begin PBXFileReference section */
		915B2E681E9EB63F00665B73 /* Elm.framework */ = {isa = PBXFileReference; explicitFileType = wrapper.framework; includeInIndex = 0; path = Elm.framework; sourceTree = BUILT_PRODUCTS_DIR; };
		915B2E6A1E9EB63F00665B73 /* Elm.h */ = {isa = PBXFileReference; lastKnownFileType = sourcecode.c.h; path = Elm.h; sourceTree = "<group>"; };
		915B2E6B1E9EB63F00665B73 /* Info.plist */ = {isa = PBXFileReference; lastKnownFileType = text.plist.xml; path = Info.plist; sourceTree = "<group>"; };
		915B2E701E9EB64E00665B73 /* Program.swift */ = {isa = PBXFileReference; fileEncoding = 4; lastKnownFileType = sourcecode.swift; path = Program.swift; sourceTree = "<group>"; };
		915B2E711E9EB64E00665B73 /* Store.swift */ = {isa = PBXFileReference; fileEncoding = 4; lastKnownFileType = sourcecode.swift; path = Store.swift; sourceTree = "<group>"; };
		915B2E721E9EB64E00665B73 /* Tests.swift */ = {isa = PBXFileReference; fileEncoding = 4; lastKnownFileType = sourcecode.swift; path = Tests.swift; sourceTree = "<group>"; };
		915B2E731E9EB64E00665B73 /* Utilitities.swift */ = {isa = PBXFileReference; fileEncoding = 4; lastKnownFileType = sourcecode.swift; path = Utilitities.swift; sourceTree = "<group>"; };
		916289ED1E1E93960004D27E /* AudioBarTests.swift */ = {isa = PBXFileReference; fileEncoding = 4; lastKnownFileType = sourcecode.swift; path = AudioBarTests.swift; sourceTree = "<group>"; };
		916289EF1E1E93BA0004D27E /* InfoTests.plist */ = {isa = PBXFileReference; lastKnownFileType = text.plist.xml; path = InfoTests.plist; sourceTree = "<group>"; };
		91930F341E03158F006A0091 /* AudioBar.framework */ = {isa = PBXFileReference; explicitFileType = wrapper.framework; includeInIndex = 0; path = AudioBar.framework; sourceTree = BUILT_PRODUCTS_DIR; };
		91930F371E03158F006A0091 /* AudioBar.h */ = {isa = PBXFileReference; lastKnownFileType = sourcecode.c.h; path = AudioBar.h; sourceTree = "<group>"; };
		91930F381E03158F006A0091 /* Info.plist */ = {isa = PBXFileReference; lastKnownFileType = text.plist.xml; path = Info.plist; sourceTree = "<group>"; };
		91930F3D1E03158F006A0091 /* AudioBarTests.xctest */ = {isa = PBXFileReference; explicitFileType = wrapper.cfbundle; includeInIndex = 0; path = AudioBarTests.xctest; sourceTree = BUILT_PRODUCTS_DIR; };
		91930F6E1E0315BC006A0091 /* AudioBar.storyboard */ = {isa = PBXFileReference; fileEncoding = 4; lastKnownFileType = file.storyboard; path = AudioBar.storyboard; sourceTree = "<group>"; };
		91930F6F1E0315BC006A0091 /* AudioBarViewController.swift */ = {isa = PBXFileReference; fileEncoding = 4; lastKnownFileType = sourcecode.swift; path = AudioBarViewController.swift; sourceTree = "<group>"; };
		91930F701E0315BC006A0091 /* AudioBar.swift */ = {isa = PBXFileReference; fileEncoding = 4; lastKnownFileType = sourcecode.swift; path = AudioBar.swift; sourceTree = "<group>"; };
		91C1561C1E6F2C6800FA2740 /* CMTime+TimeInterval.swift */ = {isa = PBXFileReference; fileEncoding = 4; lastKnownFileType = sourcecode.swift; path = "CMTime+TimeInterval.swift"; sourceTree = "<group>"; };
		91C186451E031A4D006ECAD8 /* Assets.xcassets */ = {isa = PBXFileReference; lastKnownFileType = folder.assetcatalog; path = Assets.xcassets; sourceTree = "<group>"; };
		B69430771E819FF800A6E830 /* AudioTags.swift */ = {isa = PBXFileReference; fileEncoding = 4; lastKnownFileType = sourcecode.swift; path = AudioTags.swift; sourceTree = "<group>"; };
		B6A33BF51EA698080045D2C2 /* AudioBarDelegate.swift */ = {isa = PBXFileReference; fileEncoding = 4; lastKnownFileType = sourcecode.swift; path = AudioBarDelegate.swift; sourceTree = "<group>"; };
/* End PBXFileReference section */

/* Begin PBXFrameworksBuildPhase section */
		915B2E641E9EB63F00665B73 /* Frameworks */ = {
			isa = PBXFrameworksBuildPhase;
			buildActionMask = 2147483647;
			files = (
			);
			runOnlyForDeploymentPostprocessing = 0;
		};
		91930F301E03158F006A0091 /* Frameworks */ = {
			isa = PBXFrameworksBuildPhase;
			buildActionMask = 2147483647;
			files = (
				B6A33BF11EA10BB80045D2C2 /* Elm.framework in Frameworks */,
			);
			runOnlyForDeploymentPostprocessing = 0;
		};
		91930F3A1E03158F006A0091 /* Frameworks */ = {
			isa = PBXFrameworksBuildPhase;
			buildActionMask = 2147483647;
			files = (
				91930F3E1E03158F006A0091 /* AudioBar.framework in Frameworks */,
				915B2E791E9EB9D100665B73 /* Elm.framework in Frameworks */,
			);
			runOnlyForDeploymentPostprocessing = 0;
		};
/* End PBXFrameworksBuildPhase section */

/* Begin PBXGroup section */
		915B2E691E9EB63F00665B73 /* Elm */ = {
			isa = PBXGroup;
			children = (
				915B2E6A1E9EB63F00665B73 /* Elm.h */,
				915B2E701E9EB64E00665B73 /* Program.swift */,
				915B2E711E9EB64E00665B73 /* Store.swift */,
				915B2E721E9EB64E00665B73 /* Tests.swift */,
				915B2E731E9EB64E00665B73 /* Utilitities.swift */,
				915B2E6B1E9EB63F00665B73 /* Info.plist */,
			);
			path = Elm;
			sourceTree = "<group>";
		};
		91930F2A1E03158F006A0091 = {
			isa = PBXGroup;
			children = (
				91930F361E03158F006A0091 /* AudioBar */,
				915B2E691E9EB63F00665B73 /* Elm */,
				91930F351E03158F006A0091 /* Products */,
			);
			sourceTree = "<group>";
		};
		91930F351E03158F006A0091 /* Products */ = {
			isa = PBXGroup;
			children = (
				91930F341E03158F006A0091 /* AudioBar.framework */,
				91930F3D1E03158F006A0091 /* AudioBarTests.xctest */,
				915B2E681E9EB63F00665B73 /* Elm.framework */,
			);
			name = Products;
			sourceTree = "<group>";
		};
		91930F361E03158F006A0091 /* AudioBar */ = {
			isa = PBXGroup;
			children = (
				91930F371E03158F006A0091 /* AudioBar.h */,
				91930F6E1E0315BC006A0091 /* AudioBar.storyboard */,
				91930F6F1E0315BC006A0091 /* AudioBarViewController.swift */,
				B6A33BF51EA698080045D2C2 /* AudioBarDelegate.swift */,
				91930F701E0315BC006A0091 /* AudioBar.swift */,
				916289ED1E1E93960004D27E /* AudioBarTests.swift */,
				B69430771E819FF800A6E830 /* AudioTags.swift */,
				91C1561C1E6F2C6800FA2740 /* CMTime+TimeInterval.swift */,
				91C186451E031A4D006ECAD8 /* Assets.xcassets */,
				91930F381E03158F006A0091 /* Info.plist */,
				916289EF1E1E93BA0004D27E /* InfoTests.plist */,
			);
			path = AudioBar;
			sourceTree = "<group>";
		};
/* End PBXGroup section */

/* Begin PBXHeadersBuildPhase section */
		915B2E651E9EB63F00665B73 /* Headers */ = {
			isa = PBXHeadersBuildPhase;
			buildActionMask = 2147483647;
			files = (
				915B2E6C1E9EB63F00665B73 /* Elm.h in Headers */,
			);
			runOnlyForDeploymentPostprocessing = 0;
		};
		91930F311E03158F006A0091 /* Headers */ = {
			isa = PBXHeadersBuildPhase;
			buildActionMask = 2147483647;
			files = (
				91930F451E03158F006A0091 /* AudioBar.h in Headers */,
			);
			runOnlyForDeploymentPostprocessing = 0;
		};
/* End PBXHeadersBuildPhase section */

/* Begin PBXNativeTarget section */
		915B2E671E9EB63F00665B73 /* Elm */ = {
			isa = PBXNativeTarget;
			buildConfigurationList = 915B2E6F1E9EB63F00665B73 /* Build configuration list for PBXNativeTarget "Elm" */;
			buildPhases = (
				915B2E631E9EB63F00665B73 /* Sources */,
				915B2E641E9EB63F00665B73 /* Frameworks */,
				915B2E651E9EB63F00665B73 /* Headers */,
				915B2E661E9EB63F00665B73 /* Resources */,
			);
			buildRules = (
			);
			dependencies = (
			);
			name = Elm;
			productName = Elm;
			productReference = 915B2E681E9EB63F00665B73 /* Elm.framework */;
			productType = "com.apple.product-type.framework";
		};
		91930F331E03158F006A0091 /* AudioBar */ = {
			isa = PBXNativeTarget;
			buildConfigurationList = 91930F481E03158F006A0091 /* Build configuration list for PBXNativeTarget "AudioBar" */;
			buildPhases = (
				916E9F8E1E66F5A300B6C008 /* Run SwiftLint */,
				91930F2F1E03158F006A0091 /* Sources */,
				91930F301E03158F006A0091 /* Frameworks */,
				91930F311E03158F006A0091 /* Headers */,
				91930F321E03158F006A0091 /* Resources */,
			);
			buildRules = (
			);
			dependencies = (
			);
			name = AudioBar;
			productName = AudioBar;
			productReference = 91930F341E03158F006A0091 /* AudioBar.framework */;
			productType = "com.apple.product-type.framework";
		};
		91930F3C1E03158F006A0091 /* AudioBarTests */ = {
			isa = PBXNativeTarget;
			buildConfigurationList = 91930F4B1E03158F006A0091 /* Build configuration list for PBXNativeTarget "AudioBarTests" */;
			buildPhases = (
				91930F391E03158F006A0091 /* Sources */,
				91930F3A1E03158F006A0091 /* Frameworks */,
				91930F3B1E03158F006A0091 /* Resources */,
			);
			buildRules = (
			);
			dependencies = (
				91930F401E03158F006A0091 /* PBXTargetDependency */,
			);
			name = AudioBarTests;
			productName = AudioBarTests;
			productReference = 91930F3D1E03158F006A0091 /* AudioBarTests.xctest */;
			productType = "com.apple.product-type.bundle.unit-test";
		};
/* End PBXNativeTarget section */

/* Begin PBXProject section */
		91930F2B1E03158F006A0091 /* Project object */ = {
			isa = PBXProject;
			attributes = {
				LastSwiftUpdateCheck = 0820;
				LastUpgradeCheck = 0920;
				ORGANIZATIONNAME = TBD;
				TargetAttributes = {
					915B2E671E9EB63F00665B73 = {
						CreatedOnToolsVersion = 8.3.1;
						LastSwiftMigration = 0920;
						ProvisioningStyle = Automatic;
					};
					91930F331E03158F006A0091 = {
						CreatedOnToolsVersion = 8.2;
						DevelopmentTeam = 977T8AV26N;
						LastSwiftMigration = 0920;
						ProvisioningStyle = Automatic;
					};
					91930F3C1E03158F006A0091 = {
						CreatedOnToolsVersion = 8.2;
						DevelopmentTeam = 977T8AV26N;
						LastSwiftMigration = 0920;
						ProvisioningStyle = Automatic;
					};
				};
			};
			buildConfigurationList = 91930F2E1E03158F006A0091 /* Build configuration list for PBXProject "AudioBar" */;
			compatibilityVersion = "Xcode 3.2";
			developmentRegion = English;
			hasScannedForEncodings = 0;
			knownRegions = (
				en,
			);
			mainGroup = 91930F2A1E03158F006A0091;
			productRefGroup = 91930F351E03158F006A0091 /* Products */;
			projectDirPath = "";
			projectRoot = "";
			targets = (
				91930F331E03158F006A0091 /* AudioBar */,
				91930F3C1E03158F006A0091 /* AudioBarTests */,
				915B2E671E9EB63F00665B73 /* Elm */,
			);
		};
/* End PBXProject section */

/* Begin PBXResourcesBuildPhase section */
		915B2E661E9EB63F00665B73 /* Resources */ = {
			isa = PBXResourcesBuildPhase;
			buildActionMask = 2147483647;
			files = (
			);
			runOnlyForDeploymentPostprocessing = 0;
		};
		91930F321E03158F006A0091 /* Resources */ = {
			isa = PBXResourcesBuildPhase;
			buildActionMask = 2147483647;
			files = (
				91C186461E031A4D006ECAD8 /* Assets.xcassets in Resources */,
				91930F711E0315BC006A0091 /* AudioBar.storyboard in Resources */,
			);
			runOnlyForDeploymentPostprocessing = 0;
		};
		91930F3B1E03158F006A0091 /* Resources */ = {
			isa = PBXResourcesBuildPhase;
			buildActionMask = 2147483647;
			files = (
			);
			runOnlyForDeploymentPostprocessing = 0;
		};
/* End PBXResourcesBuildPhase section */

/* Begin PBXShellScriptBuildPhase section */
		916E9F8E1E66F5A300B6C008 /* Run SwiftLint */ = {
			isa = PBXShellScriptBuildPhase;
			buildActionMask = 2147483647;
			files = (
			);
			inputPaths = (
			);
			name = "Run SwiftLint";
			outputPaths = (
			);
			runOnlyForDeploymentPostprocessing = 0;
			shellPath = /bin/sh;
			shellScript = "set -ex\ntest $(swiftlint version) == \"0.22.0\"\nFLAGS=$(test $CONFIGURATION == \"Release\" && echo \"--strict\" || echo \"\")\nswiftlint lint $FLAGS\n";
			showEnvVarsInLog = 0;
		};
/* End PBXShellScriptBuildPhase section */

/* Begin PBXSourcesBuildPhase section */
		915B2E631E9EB63F00665B73 /* Sources */ = {
			isa = PBXSourcesBuildPhase;
			buildActionMask = 2147483647;
			files = (
				915B2E741E9EB64E00665B73 /* Program.swift in Sources */,
				915B2E771E9EB64E00665B73 /* Utilitities.swift in Sources */,
				915B2E761E9EB64E00665B73 /* Tests.swift in Sources */,
				915B2E751E9EB64E00665B73 /* Store.swift in Sources */,
			);
			runOnlyForDeploymentPostprocessing = 0;
		};
		91930F2F1E03158F006A0091 /* Sources */ = {
			isa = PBXSourcesBuildPhase;
			buildActionMask = 2147483647;
			files = (
				91930F731E0315BC006A0091 /* AudioBar.swift in Sources */,
				91C1561D1E6F2C6800FA2740 /* CMTime+TimeInterval.swift in Sources */,
				B6A33BF61EA698080045D2C2 /* AudioBarDelegate.swift in Sources */,
				91930F721E0315BC006A0091 /* AudioBarViewController.swift in Sources */,
				B69430781E819FF800A6E830 /* AudioTags.swift in Sources */,
			);
			runOnlyForDeploymentPostprocessing = 0;
		};
		91930F391E03158F006A0091 /* Sources */ = {
			isa = PBXSourcesBuildPhase;
			buildActionMask = 2147483647;
			files = (
				916289EE1E1E93970004D27E /* AudioBarTests.swift in Sources */,
			);
			runOnlyForDeploymentPostprocessing = 0;
		};
/* End PBXSourcesBuildPhase section */

/* Begin PBXTargetDependency section */
		91930F401E03158F006A0091 /* PBXTargetDependency */ = {
			isa = PBXTargetDependency;
			target = 91930F331E03158F006A0091 /* AudioBar */;
			targetProxy = 91930F3F1E03158F006A0091 /* PBXContainerItemProxy */;
		};
/* End PBXTargetDependency section */

/* Begin XCBuildConfiguration section */
		915B2E6D1E9EB63F00665B73 /* Debug */ = {
			isa = XCBuildConfiguration;
			buildSettings = {
				CLANG_ANALYZER_NUMBER_OBJECT_CONVERSION = YES_AGGRESSIVE;
				CLANG_ENABLE_MODULES = YES;
				CODE_SIGN_IDENTITY = "";
				DEFINES_MODULE = YES;
				DYLIB_COMPATIBILITY_VERSION = 1;
				DYLIB_CURRENT_VERSION = 1;
				DYLIB_INSTALL_NAME_BASE = "@rpath";
				INFOPLIST_FILE = Elm/Info.plist;
				INSTALL_PATH = "$(LOCAL_LIBRARY_DIR)/Frameworks";
				LD_RUNPATH_SEARCH_PATHS = "$(inherited) @executable_path/Frameworks @loader_path/Frameworks";
				PRODUCT_BUNDLE_IDENTIFIER = Enfluid.Elm;
				PRODUCT_NAME = "$(TARGET_NAME)";
				SKIP_INSTALL = YES;
				SWIFT_OPTIMIZATION_LEVEL = "-Onone";
				SWIFT_SWIFT3_OBJC_INFERENCE = On;
				SWIFT_VERSION = 4.0;
			};
			name = Debug;
		};
		915B2E6E1E9EB63F00665B73 /* Release */ = {
			isa = XCBuildConfiguration;
			buildSettings = {
				CLANG_ANALYZER_NUMBER_OBJECT_CONVERSION = YES_AGGRESSIVE;
				CLANG_ENABLE_MODULES = YES;
				CODE_SIGN_IDENTITY = "";
				DEFINES_MODULE = YES;
				DYLIB_COMPATIBILITY_VERSION = 1;
				DYLIB_CURRENT_VERSION = 1;
				DYLIB_INSTALL_NAME_BASE = "@rpath";
				INFOPLIST_FILE = Elm/Info.plist;
				INSTALL_PATH = "$(LOCAL_LIBRARY_DIR)/Frameworks";
				LD_RUNPATH_SEARCH_PATHS = "$(inherited) @executable_path/Frameworks @loader_path/Frameworks";
				PRODUCT_BUNDLE_IDENTIFIER = Enfluid.Elm;
				PRODUCT_NAME = "$(TARGET_NAME)";
				SKIP_INSTALL = YES;
				SWIFT_SWIFT3_OBJC_INFERENCE = On;
				SWIFT_VERSION = 4.0;
			};
			name = Release;
		};
		91930F461E03158F006A0091 /* Debug */ = {
			isa = XCBuildConfiguration;
			buildSettings = {
				ALWAYS_SEARCH_USER_PATHS = NO;
				CLANG_ANALYZER_NONNULL = YES;
				CLANG_CXX_LANGUAGE_STANDARD = "gnu++0x";
				CLANG_CXX_LIBRARY = "libc++";
				CLANG_ENABLE_MODULES = YES;
				CLANG_ENABLE_OBJC_ARC = YES;
				CLANG_WARN_BLOCK_CAPTURE_AUTORELEASING = YES;
				CLANG_WARN_BOOL_CONVERSION = YES;
				CLANG_WARN_COMMA = YES;
				CLANG_WARN_CONSTANT_CONVERSION = YES;
				CLANG_WARN_DIRECT_OBJC_ISA_USAGE = YES_ERROR;
				CLANG_WARN_DOCUMENTATION_COMMENTS = YES;
				CLANG_WARN_EMPTY_BODY = YES;
				CLANG_WARN_ENUM_CONVERSION = YES;
				CLANG_WARN_INFINITE_RECURSION = YES;
				CLANG_WARN_INT_CONVERSION = YES;
				CLANG_WARN_NON_LITERAL_NULL_CONVERSION = YES;
				CLANG_WARN_OBJC_LITERAL_CONVERSION = YES;
				CLANG_WARN_OBJC_ROOT_CLASS = YES_ERROR;
				CLANG_WARN_RANGE_LOOP_ANALYSIS = YES;
				CLANG_WARN_STRICT_PROTOTYPES = YES;
				CLANG_WARN_SUSPICIOUS_MOVE = YES;
				CLANG_WARN_UNREACHABLE_CODE = YES;
				CLANG_WARN__DUPLICATE_METHOD_MATCH = YES;
				"CODE_SIGN_IDENTITY[sdk=iphoneos*]" = "iPhone Developer";
				COPY_PHASE_STRIP = NO;
				CURRENT_PROJECT_VERSION = 1;
				DEBUG_INFORMATION_FORMAT = dwarf;
				ENABLE_STRICT_OBJC_MSGSEND = YES;
				ENABLE_TESTABILITY = YES;
				GCC_C_LANGUAGE_STANDARD = gnu99;
				GCC_DYNAMIC_NO_PIC = NO;
				GCC_NO_COMMON_BLOCKS = YES;
				GCC_OPTIMIZATION_LEVEL = 0;
				GCC_PREPROCESSOR_DEFINITIONS = (
					"DEBUG=1",
					"$(inherited)",
				);
				GCC_WARN_64_TO_32_BIT_CONVERSION = YES;
				GCC_WARN_ABOUT_RETURN_TYPE = YES_ERROR;
				GCC_WARN_UNDECLARED_SELECTOR = YES;
				GCC_WARN_UNINITIALIZED_AUTOS = YES_AGGRESSIVE;
				GCC_WARN_UNUSED_FUNCTION = YES;
				GCC_WARN_UNUSED_VARIABLE = YES;
				IPHONEOS_DEPLOYMENT_TARGET = 9.0;
				MTL_ENABLE_DEBUG_INFO = YES;
				ONLY_ACTIVE_ARCH = YES;
				SDKROOT = iphoneos;
				SWIFT_ACTIVE_COMPILATION_CONDITIONS = DEBUG;
				SWIFT_OPTIMIZATION_LEVEL = "-Onone";
				TARGETED_DEVICE_FAMILY = "1,2";
				VERSIONING_SYSTEM = "apple-generic";
				VERSION_INFO_PREFIX = "";
			};
			name = Debug;
		};
		91930F471E03158F006A0091 /* Release */ = {
			isa = XCBuildConfiguration;
			buildSettings = {
				ALWAYS_SEARCH_USER_PATHS = NO;
				CLANG_ANALYZER_NONNULL = YES;
				CLANG_CXX_LANGUAGE_STANDARD = "gnu++0x";
				CLANG_CXX_LIBRARY = "libc++";
				CLANG_ENABLE_MODULES = YES;
				CLANG_ENABLE_OBJC_ARC = YES;
				CLANG_WARN_BLOCK_CAPTURE_AUTORELEASING = YES;
				CLANG_WARN_BOOL_CONVERSION = YES;
				CLANG_WARN_COMMA = YES;
				CLANG_WARN_CONSTANT_CONVERSION = YES;
				CLANG_WARN_DIRECT_OBJC_ISA_USAGE = YES_ERROR;
				CLANG_WARN_DOCUMENTATION_COMMENTS = YES;
				CLANG_WARN_EMPTY_BODY = YES;
				CLANG_WARN_ENUM_CONVERSION = YES;
				CLANG_WARN_INFINITE_RECURSION = YES;
				CLANG_WARN_INT_CONVERSION = YES;
				CLANG_WARN_NON_LITERAL_NULL_CONVERSION = YES;
				CLANG_WARN_OBJC_LITERAL_CONVERSION = YES;
				CLANG_WARN_OBJC_ROOT_CLASS = YES_ERROR;
				CLANG_WARN_RANGE_LOOP_ANALYSIS = YES;
				CLANG_WARN_STRICT_PROTOTYPES = YES;
				CLANG_WARN_SUSPICIOUS_MOVE = YES;
				CLANG_WARN_UNREACHABLE_CODE = YES;
				CLANG_WARN__DUPLICATE_METHOD_MATCH = YES;
				"CODE_SIGN_IDENTITY[sdk=iphoneos*]" = "iPhone Developer";
				COPY_PHASE_STRIP = NO;
				CURRENT_PROJECT_VERSION = 1;
				DEBUG_INFORMATION_FORMAT = "dwarf-with-dsym";
				ENABLE_NS_ASSERTIONS = NO;
				ENABLE_STRICT_OBJC_MSGSEND = YES;
				GCC_C_LANGUAGE_STANDARD = gnu99;
				GCC_NO_COMMON_BLOCKS = YES;
				GCC_WARN_64_TO_32_BIT_CONVERSION = YES;
				GCC_WARN_ABOUT_RETURN_TYPE = YES_ERROR;
				GCC_WARN_UNDECLARED_SELECTOR = YES;
				GCC_WARN_UNINITIALIZED_AUTOS = YES_AGGRESSIVE;
				GCC_WARN_UNUSED_FUNCTION = YES;
				GCC_WARN_UNUSED_VARIABLE = YES;
				IPHONEOS_DEPLOYMENT_TARGET = 9.0;
				MTL_ENABLE_DEBUG_INFO = NO;
				SDKROOT = iphoneos;
				SWIFT_OPTIMIZATION_LEVEL = "-Owholemodule";
				TARGETED_DEVICE_FAMILY = "1,2";
				VALIDATE_PRODUCT = YES;
				VERSIONING_SYSTEM = "apple-generic";
				VERSION_INFO_PREFIX = "";
			};
			name = Release;
		};
		91930F491E03158F006A0091 /* Debug */ = {
			isa = XCBuildConfiguration;
			buildSettings = {
				CLANG_ENABLE_MODULES = YES;
				CODE_SIGN_IDENTITY = "";
				"CODE_SIGN_IDENTITY[sdk=iphoneos*]" = "";
				DEFINES_MODULE = YES;
				DEVELOPMENT_TEAM = 977T8AV26N;
				DYLIB_COMPATIBILITY_VERSION = 1;
				DYLIB_CURRENT_VERSION = 1;
				DYLIB_INSTALL_NAME_BASE = "@rpath";
				INFOPLIST_FILE = AudioBar/Info.plist;
				INSTALL_PATH = "$(LOCAL_LIBRARY_DIR)/Frameworks";
				LD_RUNPATH_SEARCH_PATHS = "$(inherited) @executable_path/Frameworks @loader_path/Frameworks";
				PRODUCT_BUNDLE_IDENTIFIER = TBD.AudioBar;
				PRODUCT_NAME = "$(TARGET_NAME)";
				SKIP_INSTALL = YES;
				SWIFT_OPTIMIZATION_LEVEL = "-Onone";
				SWIFT_SWIFT3_OBJC_INFERENCE = On;
				SWIFT_VERSION = 4.0;
			};
			name = Debug;
		};
		91930F4A1E03158F006A0091 /* Release */ = {
			isa = XCBuildConfiguration;
			buildSettings = {
				CLANG_ENABLE_MODULES = YES;
				CODE_SIGN_IDENTITY = "";
				DEFINES_MODULE = YES;
				DEVELOPMENT_TEAM = 977T8AV26N;
				DYLIB_COMPATIBILITY_VERSION = 1;
				DYLIB_CURRENT_VERSION = 1;
				DYLIB_INSTALL_NAME_BASE = "@rpath";
				INFOPLIST_FILE = AudioBar/Info.plist;
				INSTALL_PATH = "$(LOCAL_LIBRARY_DIR)/Frameworks";
				LD_RUNPATH_SEARCH_PATHS = "$(inherited) @executable_path/Frameworks @loader_path/Frameworks";
				PRODUCT_BUNDLE_IDENTIFIER = TBD.AudioBar;
				PRODUCT_NAME = "$(TARGET_NAME)";
				SKIP_INSTALL = YES;
				SWIFT_SWIFT3_OBJC_INFERENCE = On;
				SWIFT_VERSION = 4.0;
			};
			name = Release;
		};
		91930F4C1E03158F006A0091 /* Debug */ = {
			isa = XCBuildConfiguration;
			buildSettings = {
				ALWAYS_EMBED_SWIFT_STANDARD_LIBRARIES = YES;
				CLANG_ENABLE_MODULES = YES;
				DEVELOPMENT_TEAM = 977T8AV26N;
				FRAMEWORK_SEARCH_PATHS = "$(inherited)";
				INFOPLIST_FILE = AudioBar/InfoTests.plist;
				LD_RUNPATH_SEARCH_PATHS = "$(inherited) @executable_path/Frameworks @loader_path/Frameworks";
				PRODUCT_BUNDLE_IDENTIFIER = TBD.AudioBarTests;
				PRODUCT_NAME = "$(TARGET_NAME)";
				SWIFT_OPTIMIZATION_LEVEL = "-Onone";
				SWIFT_SWIFT3_OBJC_INFERENCE = On;
				SWIFT_VERSION = 4.0;
			};
			name = Debug;
		};
		91930F4D1E03158F006A0091 /* Release */ = {
			isa = XCBuildConfiguration;
			buildSettings = {
				ALWAYS_EMBED_SWIFT_STANDARD_LIBRARIES = YES;
				CLANG_ENABLE_MODULES = YES;
				DEVELOPMENT_TEAM = 977T8AV26N;
				FRAMEWORK_SEARCH_PATHS = "$(inherited)";
				INFOPLIST_FILE = AudioBar/InfoTests.plist;
				LD_RUNPATH_SEARCH_PATHS = "$(inherited) @executable_path/Frameworks @loader_path/Frameworks";
				PRODUCT_BUNDLE_IDENTIFIER = TBD.AudioBarTests;
				PRODUCT_NAME = "$(TARGET_NAME)";
				SWIFT_SWIFT3_OBJC_INFERENCE = On;
				SWIFT_VERSION = 4.0;
			};
			name = Release;
		};
/* End XCBuildConfiguration section */

/* Begin XCConfigurationList section */
		915B2E6F1E9EB63F00665B73 /* Build configuration list for PBXNativeTarget "Elm" */ = {
			isa = XCConfigurationList;
			buildConfigurations = (
				915B2E6D1E9EB63F00665B73 /* Debug */,
				915B2E6E1E9EB63F00665B73 /* Release */,
			);
			defaultConfigurationIsVisible = 0;
			defaultConfigurationName = Release;
		};
		91930F2E1E03158F006A0091 /* Build configuration list for PBXProject "AudioBar" */ = {
			isa = XCConfigurationList;
			buildConfigurations = (
				91930F461E03158F006A0091 /* Debug */,
				91930F471E03158F006A0091 /* Release */,
			);
			defaultConfigurationIsVisible = 0;
			defaultConfigurationName = Release;
		};
		91930F481E03158F006A0091 /* Build configuration list for PBXNativeTarget "AudioBar" */ = {
			isa = XCConfigurationList;
			buildConfigurations = (
				91930F491E03158F006A0091 /* Debug */,
				91930F4A1E03158F006A0091 /* Release */,
			);
			defaultConfigurationIsVisible = 0;
			defaultConfigurationName = Release;
		};
		91930F4B1E03158F006A0091 /* Build configuration list for PBXNativeTarget "AudioBarTests" */ = {
			isa = XCConfigurationList;
			buildConfigurations = (
				91930F4C1E03158F006A0091 /* Debug */,
				91930F4D1E03158F006A0091 /* Release */,
			);
			defaultConfigurationIsVisible = 0;
			defaultConfigurationName = Release;
		};
/* End XCConfigurationList section */
	};
	rootObject = 91930F2B1E03158F006A0091 /* Project object */;
}
